
Microsoft Visual Studio Solution File, Format Version 12.00
# Visual Studio 15
VisualStudioVersion = 15.0.26124.0
MinimumVisualStudioVersion = 15.0.26124.0
Project("{FAE04EC0-301F-11D3-BF4B-00C04F79EFBC}") = "ConsoleApp", "ConsoleApp\ConsoleApp.csproj", "{DFCAF0B2-3A69-43F0-8748-E48E37F58B1D}"
EndProject
Project("{FAE04EC0-301F-11D3-BF4B-00C04F79EFBC}") = "MessageContracts", "MessageContracts\MessageContracts.csproj", "{D0776857-D792-4DEA-8290-0F99CA239EF5}"
EndProject
Project("{FAE04EC0-301F-11D3-BF4B-00C04F79EFBC}") = "WorkerApp", "WorkerApp\WorkerApp.csproj", "{86C50EA6-AA92-44BC-AC86-A73985689951}"
EndProject
Project("{FAE04EC0-301F-11D3-BF4B-00C04F79EFBC}") = "AsbWorkerApp", "AsbWorkerApp\AsbWorkerApp.csproj", "{6AE7E5CB-7B8C-4AB9-9C32-FEF9FC7FE145}"
EndProject
Global
	GlobalSection(SolutionConfigurationPlatforms) = preSolution
		Debug|Any CPU = Debug|Any CPU
		Debug|x64 = Debug|x64
		Debug|x86 = Debug|x86
		Release|Any CPU = Release|Any CPU
		Release|x64 = Release|x64
		Release|x86 = Release|x86
	EndGlobalSection
	GlobalSection(SolutionProperties) = preSolution
		HideSolutionNode = FALSE
	EndGlobalSection
	GlobalSection(ProjectConfigurationPlatforms) = postSolution
		{DFCAF0B2-3A69-43F0-8748-E48E37F58B1D}.Debug|Any CPU.ActiveCfg = Debug|Any CPU
		{DFCAF0B2-3A69-43F0-8748-E48E37F58B1D}.Debug|Any CPU.Build.0 = Debug|Any CPU
		{DFCAF0B2-3A69-43F0-8748-E48E37F58B1D}.Debug|x64.ActiveCfg = Debug|Any CPU
		{DFCAF0B2-3A69-43F0-8748-E48E37F58B1D}.Debug|x64.Build.0 = Debug|Any CPU
		{DFCAF0B2-3A69-43F0-8748-E48E37F58B1D}.Debug|x86.ActiveCfg = Debug|Any CPU
		{DFCAF0B2-3A69-43F0-8748-E48E37F58B1D}.Debug|x86.Build.0 = Debug|Any CPU
		{DFCAF0B2-3A69-43F0-8748-E48E37F58B1D}.Release|Any CPU.ActiveCfg = Release|Any CPU
		{DFCAF0B2-3A69-43F0-8748-E48E37F58B1D}.Release|Any CPU.Build.0 = Release|Any CPU
		{DFCAF0B2-3A69-43F0-8748-E48E37F58B1D}.Release|x64.ActiveCfg = Release|Any CPU
		{DFCAF0B2-3A69-43F0-8748-E48E37F58B1D}.Release|x64.Build.0 = Release|Any CPU
		{DFCAF0B2-3A69-43F0-8748-E48E37F58B1D}.Release|x86.ActiveCfg = Release|Any CPU
		{DFCAF0B2-3A69-43F0-8748-E48E37F58B1D}.Release|x86.Build.0 = Release|Any CPU
		{D0776857-D792-4DEA-8290-0F99CA239EF5}.Debug|Any CPU.ActiveCfg = Debug|Any CPU
		{D0776857-D792-4DEA-8290-0F99CA239EF5}.Debug|Any CPU.Build.0 = Debug|Any CPU
		{D0776857-D792-4DEA-8290-0F99CA239EF5}.Debug|x64.ActiveCfg = Debug|Any CPU
		{D0776857-D792-4DEA-8290-0F99CA239EF5}.Debug|x64.Build.0 = Debug|Any CPU
		{D0776857-D792-4DEA-8290-0F99CA239EF5}.Debug|x86.ActiveCfg = Debug|Any CPU
		{D0776857-D792-4DEA-8290-0F99CA239EF5}.Debug|x86.Build.0 = Debug|Any CPU
		{D0776857-D792-4DEA-8290-0F99CA239EF5}.Release|Any CPU.ActiveCfg = Release|Any CPU
		{D0776857-D792-4DEA-8290-0F99CA239EF5}.Release|Any CPU.Build.0 = Release|Any CPU
		{D0776857-D792-4DEA-8290-0F99CA239EF5}.Release|x64.ActiveCfg = Release|Any CPU
		{D0776857-D792-4DEA-8290-0F99CA239EF5}.Release|x64.Build.0 = Release|Any CPU
		{D0776857-D792-4DEA-8290-0F99CA239EF5}.Release|x86.ActiveCfg = Release|Any CPU
		{D0776857-D792-4DEA-8290-0F99CA239EF5}.Release|x86.Build.0 = Release|Any CPU
		{86C50EA6-AA92-44BC-AC86-A73985689951}.Debug|Any CPU.ActiveCfg = Debug|Any CPU
		{86C50EA6-AA92-44BC-AC86-A73985689951}.Debug|Any CPU.Build.0 = Debug|Any CPU
		{86C50EA6-AA92-44BC-AC86-A73985689951}.Debug|x64.ActiveCfg = Debug|Any CPU
		{86C50EA6-AA92-44BC-AC86-A73985689951}.Debug|x64.Build.0 = Debug|Any CPU
		{86C50EA6-AA92-44BC-AC86-A73985689951}.Debug|x86.ActiveCfg = Debug|Any CPU
		{86C50EA6-AA92-44BC-AC86-A73985689951}.Debug|x86.Build.0 = Debug|Any CPU
		{86C50EA6-AA92-44BC-AC86-A73985689951}.Release|Any CPU.ActiveCfg = Release|Any CPU
		{86C50EA6-AA92-44BC-AC86-A73985689951}.Release|Any CPU.Build.0 = Release|Any CPU
		{86C50EA6-AA92-44BC-AC86-A73985689951}.Release|x64.ActiveCfg = Release|Any CPU
		{86C50EA6-AA92-44BC-AC86-A73985689951}.Release|x64.Build.0 = Release|Any CPU
		{86C50EA6-AA92-44BC-AC86-A73985689951}.Release|x86.ActiveCfg = Release|Any CPU
		{86C50EA6-AA92-44BC-AC86-A73985689951}.Release|x86.Build.0 = Release|Any CPU
		{6AE7E5CB-7B8C-4AB9-9C32-FEF9FC7FE145}.Debug|Any CPU.ActiveCfg = Debug|Any CPU
		{6AE7E5CB-7B8C-4AB9-9C32-FEF9FC7FE145}.Debug|Any CPU.Build.0 = Debug|Any CPU
		{6AE7E5CB-7B8C-4AB9-9C32-FEF9FC7FE145}.Debug|x64.ActiveCfg = Debug|Any CPU
		{6AE7E5CB-7B8C-4AB9-9C32-FEF9FC7FE145}.Debug|x64.Build.0 = Debug|Any CPU
		{6AE7E5CB-7B8C-4AB9-9C32-FEF9FC7FE145}.Debug|x86.ActiveCfg = Debug|Any CPU
		{6AE7E5CB-7B8C-4AB9-9C32-FEF9FC7FE145}.Debug|x86.Build.0 = Debug|Any CPU
		{6AE7E5CB-7B8C-4AB9-9C32-FEF9FC7FE145}.Release|Any CPU.ActiveCfg = Release|Any CPU
		{6AE7E5CB-7B8C-4AB9-9C32-FEF9FC7FE145}.Release|Any CPU.Build.0 = Release|Any CPU
		{6AE7E5CB-7B8C-4AB9-9C32-FEF9FC7FE145}.Release|x64.ActiveCfg = Release|Any CPU
		{6AE7E5CB-7B8C-4AB9-9C32-FEF9FC7FE145}.Release|x64.Build.0 = Release|Any CPU
		{6AE7E5CB-7B8C-4AB9-9C32-FEF9FC7FE145}.Release|x86.ActiveCfg = Release|Any CPU
		{6AE7E5CB-7B8C-4AB9-9C32-FEF9FC7FE145}.Release|x86.Build.0 = Release|Any CPU
	EndGlobalSection
EndGlobal
